
Microsoft Visual Studio Solution File, Format Version 12.00
# Visual Studio Version 16
VisualStudioVersion = 16.0.30011.22
MinimumVisualStudioVersion = 10.0.40219.1
Project("{FAE04EC0-301F-11D3-BF4B-00C04F79EFBC}") = "Booking_Micro", "Booking_Micro.csproj", "{104A9FAB-E9E4-4C67-B874-9BE9496F5B4A}"
EndProject
Project("{2150E333-8FDC-42A3-9474-1A3956D46DE8}") = "Solution Items", "Solution Items", "{704A8515-3D5D-47A9-B5CE-C0D0F6B84BDF}"
	ProjectSection(SolutionItems) = preProject
		.editorconfig = .editorconfig
	EndProjectSection
EndProject
Global
	GlobalSection(SolutionConfigurationPlatforms) = preSolution
		Debug|Any CPU = Debug|Any CPU
		Release|Any CPU = Release|Any CPU
	EndGlobalSection
	GlobalSection(ProjectConfigurationPlatforms) = postSolution
		{104A9FAB-E9E4-4C67-B874-9BE9496F5B4A}.Debug|Any CPU.ActiveCfg = Debug|Any CPU
		{104A9FAB-E9E4-4C67-B874-9BE9496F5B4A}.Debug|Any CPU.Build.0 = Debug|Any CPU
		{104A9FAB-E9E4-4C67-B874-9BE9496F5B4A}.Release|Any CPU.ActiveCfg = Release|Any CPU
		{104A9FAB-E9E4-4C67-B874-9BE9496F5B4A}.Release|Any CPU.Build.0 = Release|Any CPU
	EndGlobalSection
	GlobalSection(SolutionProperties) = preSolution
		HideSolutionNode = FALSE
	EndGlobalSection
	GlobalSection(ExtensibilityGlobals) = postSolution
		SolutionGuid = {29705203-99A8-40C4-A726-6100732F164A}
	EndGlobalSection
EndGlobal
